
Microsoft Visual Studio Solution File, Format Version 12.00
# Visual Studio 15
VisualStudioVersion = 15.0.27703.2042
MinimumVisualStudioVersion = 10.0.40219.1
Project("{FAE04EC0-301F-11D3-BF4B-00C04F79EFBC}") = "LightBuzz.Azure", "LightBuzz.Azure\LightBuzz.Azure.csproj", "{A0C1F858-7ACF-45D4-B7E1-445336318891}"
EndProject
Project("{FAE04EC0-301F-11D3-BF4B-00C04F79EFBC}") = "LightBuzz.Azure.UWP", "LightBuzz.Azure.UWP\LightBuzz.Azure.UWP.csproj", "{5A4B19C8-B09C-40C8-9F88-89DFFB0684F9}"
EndProject
Global
	GlobalSection(SolutionConfigurationPlatforms) = preSolution
		Debug|Any CPU = Debug|Any CPU
		Release|Any CPU = Release|Any CPU
	EndGlobalSection
	GlobalSection(ProjectConfigurationPlatforms) = postSolution
		{A0C1F858-7ACF-45D4-B7E1-445336318891}.Debug|Any CPU.ActiveCfg = Debug|Any CPU
		{A0C1F858-7ACF-45D4-B7E1-445336318891}.Debug|Any CPU.Build.0 = Debug|Any CPU
		{A0C1F858-7ACF-45D4-B7E1-445336318891}.Release|Any CPU.ActiveCfg = Release|Any CPU
		{A0C1F858-7ACF-45D4-B7E1-445336318891}.Release|Any CPU.Build.0 = Release|Any CPU
		{5A4B19C8-B09C-40C8-9F88-89DFFB0684F9}.Debug|Any CPU.ActiveCfg = Debug|Any CPU
		{5A4B19C8-B09C-40C8-9F88-89DFFB0684F9}.Debug|Any CPU.Build.0 = Debug|Any CPU
		{5A4B19C8-B09C-40C8-9F88-89DFFB0684F9}.Release|Any CPU.ActiveCfg = Release|Any CPU
		{5A4B19C8-B09C-40C8-9F88-89DFFB0684F9}.Release|Any CPU.Build.0 = Release|Any CPU
	EndGlobalSection
	GlobalSection(SolutionProperties) = preSolution
		HideSolutionNode = FALSE
	EndGlobalSection
	GlobalSection(ExtensibilityGlobals) = postSolution
		SolutionGuid = {FE6B4A28-1896-434D-8506-51E0648FF895}
	EndGlobalSection
EndGlobal
